
Microsoft Visual Studio Solution File, Format Version 12.00
# Visual Studio Version 17
VisualStudioVersion = 17.7.33913.275
MinimumVisualStudioVersion = 10.0.40219.1
Project("{2150E333-8FDC-42A3-9474-1A3956D46DE8}") = "OAS.BE", "OAS.BE", "{56D11B3D-1894-4E66-AA9A-1D2E4FE64D34}"
EndProject
Project("{2150E333-8FDC-42A3-9474-1A3956D46DE8}") = "Services", "Services", "{4B176FFF-9BA0-40E4-8E67-6047B9F41933}"
EndProject
Project("{2150E333-8FDC-42A3-9474-1A3956D46DE8}") = "Infrastructure", "Infrastructure", "{BF3AE396-CAE6-4CAF-AA23-8D0CC70928D5}"
EndProject
Project("{2150E333-8FDC-42A3-9474-1A3956D46DE8}") = "Domain", "Domain", "{81535E48-6974-4FB1-A0B9-441F3C28AED9}"
EndProject
Project("{9A19103F-16F7-4668-BE54-9A1E7A4F7556}") = "Infrastructure", "Infrastructure\Infrastructure.csproj", "{CA077E0A-DDD0-4816-9D7B-EC2FA1A1B2EA}"
EndProject
Project("{9A19103F-16F7-4668-BE54-9A1E7A4F7556}") = "Domain", "Domain\Domain.csproj", "{708F63C7-79BC-4208-ACB6-C57BB6FA32A3}"
EndProject
Project("{2150E333-8FDC-42A3-9474-1A3956D46DE8}") = "Product", "Product", "{EBA9E50A-7209-458A-A2A7-F958A229980A}"
EndProject
Project("{9A19103F-16F7-4668-BE54-9A1E7A4F7556}") = "Product.API", "Product.API\Product.API.csproj", "{B570A0B8-3CBF-4151-BD70-268569DEC233}"
EndProject
Project("{2150E333-8FDC-42A3-9474-1A3956D46DE8}") = "Authen", "Authen", "{68796A86-F3EB-44D7-ACD8-6756E901DE23}"
EndProject
Project("{9A19103F-16F7-4668-BE54-9A1E7A4F7556}") = "Authen.API", "Authen.API\Authen.API.csproj", "{C69B1B52-5A9F-4108-BB1E-DF0462370A84}"
EndProject
Project("{2150E333-8FDC-42A3-9474-1A3956D46DE8}") = "Core", "Core", "{3A513F26-D916-4A2B-A7E0-EE8DA4971989}"
EndProject
Project("{9A19103F-16F7-4668-BE54-9A1E7A4F7556}") = "Core", "Core\Core.csproj", "{F0B90646-8589-4EAA-9B07-3B2EC31B2E62}"
EndProject
Project("{2150E333-8FDC-42A3-9474-1A3956D46DE8}") = "Payment", "Payment", "{378373C0-86AC-43CF-99C9-60FD4D4C76E7}"
EndProject
Project("{9A19103F-16F7-4668-BE54-9A1E7A4F7556}") = "Payment.API", "Payment.API\Payment.API.csproj", "{FCCC3E82-B276-4CE4-A7C9-F3C5F5E9ED65}"
EndProject
Project("{2150E333-8FDC-42A3-9474-1A3956D46DE8}") = "ApiGateway", "ApiGateway", "{F102A09F-A920-419C-839A-A97642029A19}"
EndProject
Project("{9A19103F-16F7-4668-BE54-9A1E7A4F7556}") = "ApiGateway", "ApiGateway\ApiGateway.csproj", "{BA0BBD86-E254-4577-9F96-9B82B62431B7}"
EndProject
Project("{2150E333-8FDC-42A3-9474-1A3956D46DE8}") = "Search", "Search", "{0B9CBAD0-B5D3-4271-83D7-5B4861C99126}"
EndProject
Project("{9A19103F-16F7-4668-BE54-9A1E7A4F7556}") = "Search.API", "Search.API\Search.API.csproj", "{60785DC6-E768-4636-9D3B-75C335FBF044}"
EndProject
Global
	GlobalSection(SolutionConfigurationPlatforms) = preSolution
		Debug|Any CPU = Debug|Any CPU
		Release|Any CPU = Release|Any CPU
	EndGlobalSection
	GlobalSection(ProjectConfigurationPlatforms) = postSolution
		{CA077E0A-DDD0-4816-9D7B-EC2FA1A1B2EA}.Debug|Any CPU.ActiveCfg = Debug|Any CPU
		{CA077E0A-DDD0-4816-9D7B-EC2FA1A1B2EA}.Debug|Any CPU.Build.0 = Debug|Any CPU
		{CA077E0A-DDD0-4816-9D7B-EC2FA1A1B2EA}.Release|Any CPU.ActiveCfg = Release|Any CPU
		{CA077E0A-DDD0-4816-9D7B-EC2FA1A1B2EA}.Release|Any CPU.Build.0 = Release|Any CPU
		{708F63C7-79BC-4208-ACB6-C57BB6FA32A3}.Debug|Any CPU.ActiveCfg = Debug|Any CPU
		{708F63C7-79BC-4208-ACB6-C57BB6FA32A3}.Debug|Any CPU.Build.0 = Debug|Any CPU
		{708F63C7-79BC-4208-ACB6-C57BB6FA32A3}.Release|Any CPU.ActiveCfg = Release|Any CPU
		{708F63C7-79BC-4208-ACB6-C57BB6FA32A3}.Release|Any CPU.Build.0 = Release|Any CPU
		{B570A0B8-3CBF-4151-BD70-268569DEC233}.Debug|Any CPU.ActiveCfg = Debug|Any CPU
		{B570A0B8-3CBF-4151-BD70-268569DEC233}.Debug|Any CPU.Build.0 = Debug|Any CPU
		{B570A0B8-3CBF-4151-BD70-268569DEC233}.Release|Any CPU.ActiveCfg = Release|Any CPU
		{B570A0B8-3CBF-4151-BD70-268569DEC233}.Release|Any CPU.Build.0 = Release|Any CPU
		{C69B1B52-5A9F-4108-BB1E-DF0462370A84}.Debug|Any CPU.ActiveCfg = Debug|Any CPU
		{C69B1B52-5A9F-4108-BB1E-DF0462370A84}.Debug|Any CPU.Build.0 = Debug|Any CPU
		{C69B1B52-5A9F-4108-BB1E-DF0462370A84}.Release|Any CPU.ActiveCfg = Release|Any CPU
		{C69B1B52-5A9F-4108-BB1E-DF0462370A84}.Release|Any CPU.Build.0 = Release|Any CPU
		{F0B90646-8589-4EAA-9B07-3B2EC31B2E62}.Debug|Any CPU.ActiveCfg = Debug|Any CPU
		{F0B90646-8589-4EAA-9B07-3B2EC31B2E62}.Debug|Any CPU.Build.0 = Debug|Any CPU
		{F0B90646-8589-4EAA-9B07-3B2EC31B2E62}.Release|Any CPU.ActiveCfg = Release|Any CPU
		{F0B90646-8589-4EAA-9B07-3B2EC31B2E62}.Release|Any CPU.Build.0 = Release|Any CPU
		{FCCC3E82-B276-4CE4-A7C9-F3C5F5E9ED65}.Debug|Any CPU.ActiveCfg = Debug|Any CPU
		{FCCC3E82-B276-4CE4-A7C9-F3C5F5E9ED65}.Debug|Any CPU.Build.0 = Debug|Any CPU
		{FCCC3E82-B276-4CE4-A7C9-F3C5F5E9ED65}.Release|Any CPU.ActiveCfg = Release|Any CPU
		{FCCC3E82-B276-4CE4-A7C9-F3C5F5E9ED65}.Release|Any CPU.Build.0 = Release|Any CPU
		{BA0BBD86-E254-4577-9F96-9B82B62431B7}.Debug|Any CPU.ActiveCfg = Debug|Any CPU
		{BA0BBD86-E254-4577-9F96-9B82B62431B7}.Debug|Any CPU.Build.0 = Debug|Any CPU
		{BA0BBD86-E254-4577-9F96-9B82B62431B7}.Release|Any CPU.ActiveCfg = Release|Any CPU
		{BA0BBD86-E254-4577-9F96-9B82B62431B7}.Release|Any CPU.Build.0 = Release|Any CPU
		{60785DC6-E768-4636-9D3B-75C335FBF044}.Debug|Any CPU.ActiveCfg = Debug|Any CPU
		{60785DC6-E768-4636-9D3B-75C335FBF044}.Debug|Any CPU.Build.0 = Debug|Any CPU
		{60785DC6-E768-4636-9D3B-75C335FBF044}.Release|Any CPU.ActiveCfg = Release|Any CPU
		{60785DC6-E768-4636-9D3B-75C335FBF044}.Release|Any CPU.Build.0 = Release|Any CPU
	EndGlobalSection
	GlobalSection(SolutionProperties) = preSolution
		HideSolutionNode = FALSE
	EndGlobalSection
	GlobalSection(NestedProjects) = preSolution
		{4B176FFF-9BA0-40E4-8E67-6047B9F41933} = {56D11B3D-1894-4E66-AA9A-1D2E4FE64D34}
		{BF3AE396-CAE6-4CAF-AA23-8D0CC70928D5} = {56D11B3D-1894-4E66-AA9A-1D2E4FE64D34}
		{81535E48-6974-4FB1-A0B9-441F3C28AED9} = {56D11B3D-1894-4E66-AA9A-1D2E4FE64D34}
		{CA077E0A-DDD0-4816-9D7B-EC2FA1A1B2EA} = {BF3AE396-CAE6-4CAF-AA23-8D0CC70928D5}
		{708F63C7-79BC-4208-ACB6-C57BB6FA32A3} = {81535E48-6974-4FB1-A0B9-441F3C28AED9}
		{EBA9E50A-7209-458A-A2A7-F958A229980A} = {4B176FFF-9BA0-40E4-8E67-6047B9F41933}
		{B570A0B8-3CBF-4151-BD70-268569DEC233} = {EBA9E50A-7209-458A-A2A7-F958A229980A}
		{68796A86-F3EB-44D7-ACD8-6756E901DE23} = {4B176FFF-9BA0-40E4-8E67-6047B9F41933}
		{C69B1B52-5A9F-4108-BB1E-DF0462370A84} = {68796A86-F3EB-44D7-ACD8-6756E901DE23}
		{3A513F26-D916-4A2B-A7E0-EE8DA4971989} = {56D11B3D-1894-4E66-AA9A-1D2E4FE64D34}
		{F0B90646-8589-4EAA-9B07-3B2EC31B2E62} = {3A513F26-D916-4A2B-A7E0-EE8DA4971989}
		{378373C0-86AC-43CF-99C9-60FD4D4C76E7} = {4B176FFF-9BA0-40E4-8E67-6047B9F41933}
		{FCCC3E82-B276-4CE4-A7C9-F3C5F5E9ED65} = {378373C0-86AC-43CF-99C9-60FD4D4C76E7}
		{F102A09F-A920-419C-839A-A97642029A19} = {56D11B3D-1894-4E66-AA9A-1D2E4FE64D34}
		{BA0BBD86-E254-4577-9F96-9B82B62431B7} = {F102A09F-A920-419C-839A-A97642029A19}
		{0B9CBAD0-B5D3-4271-83D7-5B4861C99126} = {4B176FFF-9BA0-40E4-8E67-6047B9F41933}
		{60785DC6-E768-4636-9D3B-75C335FBF044} = {0B9CBAD0-B5D3-4271-83D7-5B4861C99126}
	EndGlobalSection
	GlobalSection(ExtensibilityGlobals) = postSolution
		SolutionGuid = {0E1628AC-A056-46AC-997F-5ED2D1AFEC17}
	EndGlobalSection
EndGlobal
